
Microsoft Visual Studio Solution File, Format Version 12.00
# Visual Studio Version 17
VisualStudioVersion = 17.8.34309.116
MinimumVisualStudioVersion = 10.0.40219.1
Project("{9A19103F-16F7-4668-BE54-9A1E7A4F7556}") = "Blanner.Data", "Blanner.Data\Blanner.Data.csproj", "{AC3DDCEE-0E77-437F-A1F9-55C6AE9FA79E}"
EndProject
Project("{9A19103F-16F7-4668-BE54-9A1E7A4F7556}") = "SQLServerMigrations", "Migrations\SQLServerMigrations\SQLServerMigrations.csproj", "{E9317286-CEF7-4656-A33D-8EFAE94CA1ED}"
EndProject
Project("{9A19103F-16F7-4668-BE54-9A1E7A4F7556}") = "Blanner", "Blanner\Blanner.csproj", "{1DA8F591-8420-4E9D-84BD-54F1A1999219}"
EndProject
Project("{9A19103F-16F7-4668-BE54-9A1E7A4F7556}") = "DbInitializer", "DbInitializer\DbInitializer.csproj", "{E8AAE250-91BA-4B40-9673-08632B65016D}"
EndProject
Project("{9A19103F-16F7-4668-BE54-9A1E7A4F7556}") = "Blanner.Api", "Blanner.Api\Blanner.Api.csproj", "{A168A082-C89F-4CD6-93A6-197D2A64CB12}"
EndProject
Project("{2150E333-8FDC-42A3-9474-1A3956D46DE8}") = "Server", "Server", "{04D7D486-9A60-4BEC-8E27-917E9AEEA49A}"
EndProject
Project("{2150E333-8FDC-42A3-9474-1A3956D46DE8}") = "Core", "Core", "{8417F04E-F65E-4772-B4EA-BE038E9149E9}"
EndProject
Project("{2150E333-8FDC-42A3-9474-1A3956D46DE8}") = "Data", "Data", "{789281C1-B247-4075-BD42-F500276880F9}"
EndProject
Project("{FAE04EC0-301F-11D3-BF4B-00C04F79EFBC}") = "Blanner.Tools", "Blanner.Tools\Blanner.Tools.csproj", "{48C53C9A-EEED-43C6-933B-9F1927A9AD63}"
EndProject
Global
	GlobalSection(SolutionConfigurationPlatforms) = preSolution
		Debug|Any CPU = Debug|Any CPU
		Debug|ARM64 = Debug|ARM64
		Debug|x64 = Debug|x64
		Debug|x86 = Debug|x86
		Release|Any CPU = Release|Any CPU
		Release|ARM64 = Release|ARM64
		Release|x64 = Release|x64
		Release|x86 = Release|x86
	EndGlobalSection
	GlobalSection(ProjectConfigurationPlatforms) = postSolution
		{AC3DDCEE-0E77-437F-A1F9-55C6AE9FA79E}.Debug|Any CPU.ActiveCfg = Debug|Any CPU
		{AC3DDCEE-0E77-437F-A1F9-55C6AE9FA79E}.Debug|Any CPU.Build.0 = Debug|Any CPU
		{AC3DDCEE-0E77-437F-A1F9-55C6AE9FA79E}.Debug|ARM64.ActiveCfg = Debug|Any CPU
		{AC3DDCEE-0E77-437F-A1F9-55C6AE9FA79E}.Debug|ARM64.Build.0 = Debug|Any CPU
		{AC3DDCEE-0E77-437F-A1F9-55C6AE9FA79E}.Debug|x64.ActiveCfg = Debug|Any CPU
		{AC3DDCEE-0E77-437F-A1F9-55C6AE9FA79E}.Debug|x64.Build.0 = Debug|Any CPU
		{AC3DDCEE-0E77-437F-A1F9-55C6AE9FA79E}.Debug|x86.ActiveCfg = Debug|Any CPU
		{AC3DDCEE-0E77-437F-A1F9-55C6AE9FA79E}.Debug|x86.Build.0 = Debug|Any CPU
		{AC3DDCEE-0E77-437F-A1F9-55C6AE9FA79E}.Release|Any CPU.ActiveCfg = Release|Any CPU
		{AC3DDCEE-0E77-437F-A1F9-55C6AE9FA79E}.Release|Any CPU.Build.0 = Release|Any CPU
		{AC3DDCEE-0E77-437F-A1F9-55C6AE9FA79E}.Release|ARM64.ActiveCfg = Release|Any CPU
		{AC3DDCEE-0E77-437F-A1F9-55C6AE9FA79E}.Release|ARM64.Build.0 = Release|Any CPU
		{AC3DDCEE-0E77-437F-A1F9-55C6AE9FA79E}.Release|x64.ActiveCfg = Release|Any CPU
		{AC3DDCEE-0E77-437F-A1F9-55C6AE9FA79E}.Release|x64.Build.0 = Release|Any CPU
		{AC3DDCEE-0E77-437F-A1F9-55C6AE9FA79E}.Release|x86.ActiveCfg = Release|Any CPU
		{AC3DDCEE-0E77-437F-A1F9-55C6AE9FA79E}.Release|x86.Build.0 = Release|Any CPU
		{E9317286-CEF7-4656-A33D-8EFAE94CA1ED}.Debug|Any CPU.ActiveCfg = Debug|Any CPU
		{E9317286-CEF7-4656-A33D-8EFAE94CA1ED}.Debug|Any CPU.Build.0 = Debug|Any CPU
		{E9317286-CEF7-4656-A33D-8EFAE94CA1ED}.Debug|ARM64.ActiveCfg = Debug|Any CPU
		{E9317286-CEF7-4656-A33D-8EFAE94CA1ED}.Debug|ARM64.Build.0 = Debug|Any CPU
		{E9317286-CEF7-4656-A33D-8EFAE94CA1ED}.Debug|x64.ActiveCfg = Debug|Any CPU
		{E9317286-CEF7-4656-A33D-8EFAE94CA1ED}.Debug|x64.Build.0 = Debug|Any CPU
		{E9317286-CEF7-4656-A33D-8EFAE94CA1ED}.Debug|x86.ActiveCfg = Debug|Any CPU
		{E9317286-CEF7-4656-A33D-8EFAE94CA1ED}.Debug|x86.Build.0 = Debug|Any CPU
		{E9317286-CEF7-4656-A33D-8EFAE94CA1ED}.Release|Any CPU.ActiveCfg = Release|Any CPU
		{E9317286-CEF7-4656-A33D-8EFAE94CA1ED}.Release|Any CPU.Build.0 = Release|Any CPU
		{E9317286-CEF7-4656-A33D-8EFAE94CA1ED}.Release|ARM64.ActiveCfg = Release|Any CPU
		{E9317286-CEF7-4656-A33D-8EFAE94CA1ED}.Release|ARM64.Build.0 = Release|Any CPU
		{E9317286-CEF7-4656-A33D-8EFAE94CA1ED}.Release|x64.ActiveCfg = Release|Any CPU
		{E9317286-CEF7-4656-A33D-8EFAE94CA1ED}.Release|x64.Build.0 = Release|Any CPU
		{E9317286-CEF7-4656-A33D-8EFAE94CA1ED}.Release|x86.ActiveCfg = Release|Any CPU
		{E9317286-CEF7-4656-A33D-8EFAE94CA1ED}.Release|x86.Build.0 = Release|Any CPU
		{1DA8F591-8420-4E9D-84BD-54F1A1999219}.Debug|Any CPU.ActiveCfg = Debug|Any CPU
		{1DA8F591-8420-4E9D-84BD-54F1A1999219}.Debug|Any CPU.Build.0 = Debug|Any CPU
		{1DA8F591-8420-4E9D-84BD-54F1A1999219}.Debug|ARM64.ActiveCfg = Debug|Any CPU
		{1DA8F591-8420-4E9D-84BD-54F1A1999219}.Debug|ARM64.Build.0 = Debug|Any CPU
		{1DA8F591-8420-4E9D-84BD-54F1A1999219}.Debug|x64.ActiveCfg = Debug|Any CPU
		{1DA8F591-8420-4E9D-84BD-54F1A1999219}.Debug|x64.Build.0 = Debug|Any CPU
		{1DA8F591-8420-4E9D-84BD-54F1A1999219}.Debug|x86.ActiveCfg = Debug|Any CPU
		{1DA8F591-8420-4E9D-84BD-54F1A1999219}.Debug|x86.Build.0 = Debug|Any CPU
		{1DA8F591-8420-4E9D-84BD-54F1A1999219}.Release|Any CPU.ActiveCfg = Release|Any CPU
		{1DA8F591-8420-4E9D-84BD-54F1A1999219}.Release|Any CPU.Build.0 = Release|Any CPU
		{1DA8F591-8420-4E9D-84BD-54F1A1999219}.Release|ARM64.ActiveCfg = Release|Any CPU
		{1DA8F591-8420-4E9D-84BD-54F1A1999219}.Release|ARM64.Build.0 = Release|Any CPU
		{1DA8F591-8420-4E9D-84BD-54F1A1999219}.Release|x64.ActiveCfg = Release|Any CPU
		{1DA8F591-8420-4E9D-84BD-54F1A1999219}.Release|x64.Build.0 = Release|Any CPU
		{1DA8F591-8420-4E9D-84BD-54F1A1999219}.Release|x86.ActiveCfg = Release|Any CPU
		{1DA8F591-8420-4E9D-84BD-54F1A1999219}.Release|x86.Build.0 = Release|Any CPU
		{E8AAE250-91BA-4B40-9673-08632B65016D}.Debug|Any CPU.ActiveCfg = Debug|Any CPU
		{E8AAE250-91BA-4B40-9673-08632B65016D}.Debug|Any CPU.Build.0 = Debug|Any CPU
		{E8AAE250-91BA-4B40-9673-08632B65016D}.Debug|ARM64.ActiveCfg = Debug|Any CPU
		{E8AAE250-91BA-4B40-9673-08632B65016D}.Debug|ARM64.Build.0 = Debug|Any CPU
		{E8AAE250-91BA-4B40-9673-08632B65016D}.Debug|x64.ActiveCfg = Debug|Any CPU
		{E8AAE250-91BA-4B40-9673-08632B65016D}.Debug|x64.Build.0 = Debug|Any CPU
		{E8AAE250-91BA-4B40-9673-08632B65016D}.Debug|x86.ActiveCfg = Debug|Any CPU
		{E8AAE250-91BA-4B40-9673-08632B65016D}.Debug|x86.Build.0 = Debug|Any CPU
		{E8AAE250-91BA-4B40-9673-08632B65016D}.Release|Any CPU.ActiveCfg = Release|Any CPU
		{E8AAE250-91BA-4B40-9673-08632B65016D}.Release|Any CPU.Build.0 = Release|Any CPU
		{E8AAE250-91BA-4B40-9673-08632B65016D}.Release|ARM64.ActiveCfg = Release|Any CPU
		{E8AAE250-91BA-4B40-9673-08632B65016D}.Release|ARM64.Build.0 = Release|Any CPU
		{E8AAE250-91BA-4B40-9673-08632B65016D}.Release|x64.ActiveCfg = Release|Any CPU
		{E8AAE250-91BA-4B40-9673-08632B65016D}.Release|x64.Build.0 = Release|Any CPU
		{E8AAE250-91BA-4B40-9673-08632B65016D}.Release|x86.ActiveCfg = Release|Any CPU
		{E8AAE250-91BA-4B40-9673-08632B65016D}.Release|x86.Build.0 = Release|Any CPU
		{A168A082-C89F-4CD6-93A6-197D2A64CB12}.Debug|Any CPU.ActiveCfg = Debug|Any CPU
		{A168A082-C89F-4CD6-93A6-197D2A64CB12}.Debug|Any CPU.Build.0 = Debug|Any CPU
		{A168A082-C89F-4CD6-93A6-197D2A64CB12}.Debug|ARM64.ActiveCfg = Debug|Any CPU
		{A168A082-C89F-4CD6-93A6-197D2A64CB12}.Debug|ARM64.Build.0 = Debug|Any CPU
		{A168A082-C89F-4CD6-93A6-197D2A64CB12}.Debug|x64.ActiveCfg = Debug|Any CPU
		{A168A082-C89F-4CD6-93A6-197D2A64CB12}.Debug|x64.Build.0 = Debug|Any CPU
		{A168A082-C89F-4CD6-93A6-197D2A64CB12}.Debug|x86.ActiveCfg = Debug|Any CPU
		{A168A082-C89F-4CD6-93A6-197D2A64CB12}.Debug|x86.Build.0 = Debug|Any CPU
		{A168A082-C89F-4CD6-93A6-197D2A64CB12}.Release|Any CPU.ActiveCfg = Release|Any CPU
		{A168A082-C89F-4CD6-93A6-197D2A64CB12}.Release|Any CPU.Build.0 = Release|Any CPU
		{A168A082-C89F-4CD6-93A6-197D2A64CB12}.Release|ARM64.ActiveCfg = Release|Any CPU
		{A168A082-C89F-4CD6-93A6-197D2A64CB12}.Release|ARM64.Build.0 = Release|Any CPU
		{A168A082-C89F-4CD6-93A6-197D2A64CB12}.Release|x64.ActiveCfg = Release|Any CPU
		{A168A082-C89F-4CD6-93A6-197D2A64CB12}.Release|x64.Build.0 = Release|Any CPU
		{A168A082-C89F-4CD6-93A6-197D2A64CB12}.Release|x86.ActiveCfg = Release|Any CPU
		{A168A082-C89F-4CD6-93A6-197D2A64CB12}.Release|x86.Build.0 = Release|Any CPU
		{48C53C9A-EEED-43C6-933B-9F1927A9AD63}.Debug|Any CPU.ActiveCfg = Debug|Any CPU
		{48C53C9A-EEED-43C6-933B-9F1927A9AD63}.Debug|Any CPU.Build.0 = Debug|Any CPU
		{48C53C9A-EEED-43C6-933B-9F1927A9AD63}.Debug|ARM64.ActiveCfg = Debug|Any CPU
		{48C53C9A-EEED-43C6-933B-9F1927A9AD63}.Debug|ARM64.Build.0 = Debug|Any CPU
		{48C53C9A-EEED-43C6-933B-9F1927A9AD63}.Debug|x64.ActiveCfg = Debug|Any CPU
		{48C53C9A-EEED-43C6-933B-9F1927A9AD63}.Debug|x64.Build.0 = Debug|Any CPU
		{48C53C9A-EEED-43C6-933B-9F1927A9AD63}.Debug|x86.ActiveCfg = Debug|Any CPU
		{48C53C9A-EEED-43C6-933B-9F1927A9AD63}.Debug|x86.Build.0 = Debug|Any CPU
		{48C53C9A-EEED-43C6-933B-9F1927A9AD63}.Release|Any CPU.ActiveCfg = Release|Any CPU
		{48C53C9A-EEED-43C6-933B-9F1927A9AD63}.Release|Any CPU.Build.0 = Release|Any CPU
		{48C53C9A-EEED-43C6-933B-9F1927A9AD63}.Release|ARM64.ActiveCfg = Release|Any CPU
		{48C53C9A-EEED-43C6-933B-9F1927A9AD63}.Release|ARM64.Build.0 = Release|Any CPU
		{48C53C9A-EEED-43C6-933B-9F1927A9AD63}.Release|x64.ActiveCfg = Release|Any CPU
		{48C53C9A-EEED-43C6-933B-9F1927A9AD63}.Release|x64.Build.0 = Release|Any CPU
		{48C53C9A-EEED-43C6-933B-9F1927A9AD63}.Release|x86.ActiveCfg = Release|Any CPU
		{48C53C9A-EEED-43C6-933B-9F1927A9AD63}.Release|x86.Build.0 = Release|Any CPU
	EndGlobalSection
	GlobalSection(SolutionProperties) = preSolution
		HideSolutionNode = FALSE
	EndGlobalSection
	GlobalSection(NestedProjects) = preSolution
		{AC3DDCEE-0E77-437F-A1F9-55C6AE9FA79E} = {789281C1-B247-4075-BD42-F500276880F9}
		{E9317286-CEF7-4656-A33D-8EFAE94CA1ED} = {789281C1-B247-4075-BD42-F500276880F9}
		{1DA8F591-8420-4E9D-84BD-54F1A1999219} = {04D7D486-9A60-4BEC-8E27-917E9AEEA49A}
		{E8AAE250-91BA-4B40-9673-08632B65016D} = {789281C1-B247-4075-BD42-F500276880F9}
		{A168A082-C89F-4CD6-93A6-197D2A64CB12} = {04D7D486-9A60-4BEC-8E27-917E9AEEA49A}
		{48C53C9A-EEED-43C6-933B-9F1927A9AD63} = {8417F04E-F65E-4772-B4EA-BE038E9149E9}
	EndGlobalSection
	GlobalSection(ExtensibilityGlobals) = postSolution
		SolutionGuid = {EB5969D2-AD09-43FD-BAB5-85399ECC29BF}
	EndGlobalSection
EndGlobal
